
Microsoft Visual Studio Solution File, Format Version 12.00
# Visual Studio Version 17
VisualStudioVersion = 17.4.33110.190
MinimumVisualStudioVersion = 10.0.40219.1
Project("{FAE04EC0-301F-11D3-BF4B-00C04F79EFBC}") = "MyFirstConsoleApp", "MyFirstConsoleApp\MyFirstConsoleApp.csproj", "{6E2A4B53-EC52-4C87-8441-69F4C6FDC524}"
EndProject
Global
	GlobalSection(SolutionConfigurationPlatforms) = preSolution
		Debug|Any CPU = Debug|Any CPU
		Release|Any CPU = Release|Any CPU
	EndGlobalSection
	GlobalSection(ProjectConfigurationPlatforms) = postSolution
		{6E2A4B53-EC52-4C87-8441-69F4C6FDC524}.Debug|Any CPU.ActiveCfg = Debug|Any CPU
		{6E2A4B53-EC52-4C87-8441-69F4C6FDC524}.Debug|Any CPU.Build.0 = Debug|Any CPU
		{6E2A4B53-EC52-4C87-8441-69F4C6FDC524}.Release|Any CPU.ActiveCfg = Release|Any CPU
		{6E2A4B53-EC52-4C87-8441-69F4C6FDC524}.Release|Any CPU.Build.0 = Release|Any CPU
	EndGlobalSection
	GlobalSection(SolutionProperties) = preSolution
		HideSolutionNode = FALSE
	EndGlobalSection
	GlobalSection(ExtensibilityGlobals) = postSolution
		SolutionGuid = {0B9574A9-9E44-40BD-A197-83B074DB93C5}
	EndGlobalSection
EndGlobal
